
Microsoft Visual Studio Solution File, Format Version 12.00
# Visual Studio Version 17
VisualStudioVersion = 17.0.31903.59
MinimumVisualStudioVersion = 10.0.40219.1
Project("{FAE04EC0-301F-11D3-BF4B-00C04F79EFBC}") = "MPR.SampleProject.Api", "MPR.SampleProject.Api\MPR.SampleProject.Api.csproj", "{40BABB6C-6EA3-49B3-B0F8-4F49E6BE0E64}"
EndProject
Project("{FAE04EC0-301F-11D3-BF4B-00C04F79EFBC}") = "MPR.SampleProject.Application", "MPR.SampleProject.Application\MPR.SampleProject.Application.csproj", "{7F128452-0D48-41BE-90BD-D4385C5E38C7}"
EndProject
Project("{FAE04EC0-301F-11D3-BF4B-00C04F79EFBC}") = "MPR.SampleProject.Domain", "MPR.SampleProject.Domain\MPR.SampleProject.Domain.csproj", "{5AFD84E8-F362-44DD-B68C-985F3242C5BA}"
EndProject
Project("{FAE04EC0-301F-11D3-BF4B-00C04F79EFBC}") = "MPR.SampleProject.Infrastructure", "MPR.SampleProject.Infrastructure\MPR.SampleProject.Infrastructure.csproj", "{34FE524B-7D41-4F07-B390-644151FA1B52}"
EndProject
Project("{FAE04EC0-301F-11D3-BF4B-00C04F79EFBC}") = "MPR.SampleProject.IntegrationTests", "MPR.SampleProject.IntegrationTests\MPR.SampleProject.IntegrationTests.csproj", "{D08BB153-02F2-42A6-BEED-363C82A82C1D}"
EndProject
Global
	GlobalSection(SolutionConfigurationPlatforms) = preSolution
		Debug|Any CPU = Debug|Any CPU
		Debug|x64 = Debug|x64
		Debug|x86 = Debug|x86
		Release|Any CPU = Release|Any CPU
		Release|x64 = Release|x64
		Release|x86 = Release|x86
	EndGlobalSection
	GlobalSection(ProjectConfigurationPlatforms) = postSolution
		{40BABB6C-6EA3-49B3-B0F8-4F49E6BE0E64}.Debug|Any CPU.ActiveCfg = Debug|Any CPU
		{40BABB6C-6EA3-49B3-B0F8-4F49E6BE0E64}.Debug|Any CPU.Build.0 = Debug|Any CPU
		{40BABB6C-6EA3-49B3-B0F8-4F49E6BE0E64}.Debug|x64.ActiveCfg = Debug|Any CPU
		{40BABB6C-6EA3-49B3-B0F8-4F49E6BE0E64}.Debug|x64.Build.0 = Debug|Any CPU
		{40BABB6C-6EA3-49B3-B0F8-4F49E6BE0E64}.Debug|x86.ActiveCfg = Debug|Any CPU
		{40BABB6C-6EA3-49B3-B0F8-4F49E6BE0E64}.Debug|x86.Build.0 = Debug|Any CPU
		{40BABB6C-6EA3-49B3-B0F8-4F49E6BE0E64}.Release|Any CPU.ActiveCfg = Release|Any CPU
		{40BABB6C-6EA3-49B3-B0F8-4F49E6BE0E64}.Release|Any CPU.Build.0 = Release|Any CPU
		{40BABB6C-6EA3-49B3-B0F8-4F49E6BE0E64}.Release|x64.ActiveCfg = Release|Any CPU
		{40BABB6C-6EA3-49B3-B0F8-4F49E6BE0E64}.Release|x64.Build.0 = Release|Any CPU
		{40BABB6C-6EA3-49B3-B0F8-4F49E6BE0E64}.Release|x86.ActiveCfg = Release|Any CPU
		{40BABB6C-6EA3-49B3-B0F8-4F49E6BE0E64}.Release|x86.Build.0 = Release|Any CPU
		{7F128452-0D48-41BE-90BD-D4385C5E38C7}.Debug|Any CPU.ActiveCfg = Debug|Any CPU
		{7F128452-0D48-41BE-90BD-D4385C5E38C7}.Debug|Any CPU.Build.0 = Debug|Any CPU
		{7F128452-0D48-41BE-90BD-D4385C5E38C7}.Debug|x64.ActiveCfg = Debug|Any CPU
		{7F128452-0D48-41BE-90BD-D4385C5E38C7}.Debug|x64.Build.0 = Debug|Any CPU
		{7F128452-0D48-41BE-90BD-D4385C5E38C7}.Debug|x86.ActiveCfg = Debug|Any CPU
		{7F128452-0D48-41BE-90BD-D4385C5E38C7}.Debug|x86.Build.0 = Debug|Any CPU
		{7F128452-0D48-41BE-90BD-D4385C5E38C7}.Release|Any CPU.ActiveCfg = Release|Any CPU
		{7F128452-0D48-41BE-90BD-D4385C5E38C7}.Release|Any CPU.Build.0 = Release|Any CPU
		{7F128452-0D48-41BE-90BD-D4385C5E38C7}.Release|x64.ActiveCfg = Release|Any CPU
		{7F128452-0D48-41BE-90BD-D4385C5E38C7}.Release|x64.Build.0 = Release|Any CPU
		{7F128452-0D48-41BE-90BD-D4385C5E38C7}.Release|x86.ActiveCfg = Release|Any CPU
		{7F128452-0D48-41BE-90BD-D4385C5E38C7}.Release|x86.Build.0 = Release|Any CPU
		{5AFD84E8-F362-44DD-B68C-985F3242C5BA}.Debug|Any CPU.ActiveCfg = Debug|Any CPU
		{5AFD84E8-F362-44DD-B68C-985F3242C5BA}.Debug|Any CPU.Build.0 = Debug|Any CPU
		{5AFD84E8-F362-44DD-B68C-985F3242C5BA}.Debug|x64.ActiveCfg = Debug|Any CPU
		{5AFD84E8-F362-44DD-B68C-985F3242C5BA}.Debug|x64.Build.0 = Debug|Any CPU
		{5AFD84E8-F362-44DD-B68C-985F3242C5BA}.Debug|x86.ActiveCfg = Debug|Any CPU
		{5AFD84E8-F362-44DD-B68C-985F3242C5BA}.Debug|x86.Build.0 = Debug|Any CPU
		{5AFD84E8-F362-44DD-B68C-985F3242C5BA}.Release|Any CPU.ActiveCfg = Release|Any CPU
		{5AFD84E8-F362-44DD-B68C-985F3242C5BA}.Release|Any CPU.Build.0 = Release|Any CPU
		{5AFD84E8-F362-44DD-B68C-985F3242C5BA}.Release|x64.ActiveCfg = Release|Any CPU
		{5AFD84E8-F362-44DD-B68C-985F3242C5BA}.Release|x64.Build.0 = Release|Any CPU
		{5AFD84E8-F362-44DD-B68C-985F3242C5BA}.Release|x86.ActiveCfg = Release|Any CPU
		{5AFD84E8-F362-44DD-B68C-985F3242C5BA}.Release|x86.Build.0 = Release|Any CPU
		{34FE524B-7D41-4F07-B390-644151FA1B52}.Debug|Any CPU.ActiveCfg = Debug|Any CPU
		{34FE524B-7D41-4F07-B390-644151FA1B52}.Debug|Any CPU.Build.0 = Debug|Any CPU
		{34FE524B-7D41-4F07-B390-644151FA1B52}.Debug|x64.ActiveCfg = Debug|Any CPU
		{34FE524B-7D41-4F07-B390-644151FA1B52}.Debug|x64.Build.0 = Debug|Any CPU
		{34FE524B-7D41-4F07-B390-644151FA1B52}.Debug|x86.ActiveCfg = Debug|Any CPU
		{34FE524B-7D41-4F07-B390-644151FA1B52}.Debug|x86.Build.0 = Debug|Any CPU
		{34FE524B-7D41-4F07-B390-644151FA1B52}.Release|Any CPU.ActiveCfg = Release|Any CPU
		{34FE524B-7D41-4F07-B390-644151FA1B52}.Release|Any CPU.Build.0 = Release|Any CPU
		{34FE524B-7D41-4F07-B390-644151FA1B52}.Release|x64.ActiveCfg = Release|Any CPU
		{34FE524B-7D41-4F07-B390-644151FA1B52}.Release|x64.Build.0 = Release|Any CPU
		{34FE524B-7D41-4F07-B390-644151FA1B52}.Release|x86.ActiveCfg = Release|Any CPU
		{34FE524B-7D41-4F07-B390-644151FA1B52}.Release|x86.Build.0 = Release|Any CPU
		{D08BB153-02F2-42A6-BEED-363C82A82C1D}.Debug|Any CPU.ActiveCfg = Debug|Any CPU
		{D08BB153-02F2-42A6-BEED-363C82A82C1D}.Debug|Any CPU.Build.0 = Debug|Any CPU
		{D08BB153-02F2-42A6-BEED-363C82A82C1D}.Debug|x64.ActiveCfg = Debug|Any CPU
		{D08BB153-02F2-42A6-BEED-363C82A82C1D}.Debug|x64.Build.0 = Debug|Any CPU
		{D08BB153-02F2-42A6-BEED-363C82A82C1D}.Debug|x86.ActiveCfg = Debug|Any CPU
		{D08BB153-02F2-42A6-BEED-363C82A82C1D}.Debug|x86.Build.0 = Debug|Any CPU
		{D08BB153-02F2-42A6-BEED-363C82A82C1D}.Release|Any CPU.ActiveCfg = Release|Any CPU
		{D08BB153-02F2-42A6-BEED-363C82A82C1D}.Release|Any CPU.Build.0 = Release|Any CPU
		{D08BB153-02F2-42A6-BEED-363C82A82C1D}.Release|x64.ActiveCfg = Release|Any CPU
		{D08BB153-02F2-42A6-BEED-363C82A82C1D}.Release|x64.Build.0 = Release|Any CPU
		{D08BB153-02F2-42A6-BEED-363C82A82C1D}.Release|x86.ActiveCfg = Release|Any CPU
		{D08BB153-02F2-42A6-BEED-363C82A82C1D}.Release|x86.Build.0 = Release|Any CPU
	EndGlobalSection
	GlobalSection(SolutionProperties) = preSolution
		HideSolutionNode = FALSE
	EndGlobalSection
EndGlobal
