
Microsoft Visual Studio Solution File, Format Version 12.00
# Visual Studio Version 17
VisualStudioVersion = 17.0.31903.59
MinimumVisualStudioVersion = 10.0.40219.1
Project("{FAE04EC0-301F-11D3-BF4B-00C04F79EFBC}") = "MPR.SampleProject.Api", "MPR.SampleProject.Api\MPR.SampleProject.Api.csproj", "{57199D47-736E-4FA7-867F-3BD3E52A741B}"
EndProject
Project("{FAE04EC0-301F-11D3-BF4B-00C04F79EFBC}") = "MPR.SampleProject.Application", "MPR.SampleProject.Application\MPR.SampleProject.Application.csproj", "{182C36BD-966A-43ED-A312-47A4C6215A0E}"
EndProject
Project("{FAE04EC0-301F-11D3-BF4B-00C04F79EFBC}") = "MPR.SampleProject.Domain", "MPR.SampleProject.Domain\MPR.SampleProject.Domain.csproj", "{EC8D8341-C286-4B46-8C74-B6D9B594F779}"
EndProject
Project("{FAE04EC0-301F-11D3-BF4B-00C04F79EFBC}") = "MPR.SampleProject.Infrastructure", "MPR.SampleProject.Infrastructure\MPR.SampleProject.Infrastructure.csproj", "{0C2571AB-5CEE-4A24-BB05-64317A0E031D}"
EndProject
Project("{FAE04EC0-301F-11D3-BF4B-00C04F79EFBC}") = "MPR.SampleProject.IntegrationTests", "MPR.SampleProject.IntegrationTests\MPR.SampleProject.IntegrationTests.csproj", "{91A388B2-4459-4FB9-8168-CA2E33C7ECCB}"
EndProject
Global
	GlobalSection(SolutionConfigurationPlatforms) = preSolution
		Debug|Any CPU = Debug|Any CPU
		Debug|x64 = Debug|x64
		Debug|x86 = Debug|x86
		Release|Any CPU = Release|Any CPU
		Release|x64 = Release|x64
		Release|x86 = Release|x86
	EndGlobalSection
	GlobalSection(ProjectConfigurationPlatforms) = postSolution
		{57199D47-736E-4FA7-867F-3BD3E52A741B}.Debug|Any CPU.ActiveCfg = Debug|Any CPU
		{57199D47-736E-4FA7-867F-3BD3E52A741B}.Debug|Any CPU.Build.0 = Debug|Any CPU
		{57199D47-736E-4FA7-867F-3BD3E52A741B}.Debug|x64.ActiveCfg = Debug|Any CPU
		{57199D47-736E-4FA7-867F-3BD3E52A741B}.Debug|x64.Build.0 = Debug|Any CPU
		{57199D47-736E-4FA7-867F-3BD3E52A741B}.Debug|x86.ActiveCfg = Debug|Any CPU
		{57199D47-736E-4FA7-867F-3BD3E52A741B}.Debug|x86.Build.0 = Debug|Any CPU
		{57199D47-736E-4FA7-867F-3BD3E52A741B}.Release|Any CPU.ActiveCfg = Release|Any CPU
		{57199D47-736E-4FA7-867F-3BD3E52A741B}.Release|Any CPU.Build.0 = Release|Any CPU
		{57199D47-736E-4FA7-867F-3BD3E52A741B}.Release|x64.ActiveCfg = Release|Any CPU
		{57199D47-736E-4FA7-867F-3BD3E52A741B}.Release|x64.Build.0 = Release|Any CPU
		{57199D47-736E-4FA7-867F-3BD3E52A741B}.Release|x86.ActiveCfg = Release|Any CPU
		{57199D47-736E-4FA7-867F-3BD3E52A741B}.Release|x86.Build.0 = Release|Any CPU
		{182C36BD-966A-43ED-A312-47A4C6215A0E}.Debug|Any CPU.ActiveCfg = Debug|Any CPU
		{182C36BD-966A-43ED-A312-47A4C6215A0E}.Debug|Any CPU.Build.0 = Debug|Any CPU
		{182C36BD-966A-43ED-A312-47A4C6215A0E}.Debug|x64.ActiveCfg = Debug|Any CPU
		{182C36BD-966A-43ED-A312-47A4C6215A0E}.Debug|x64.Build.0 = Debug|Any CPU
		{182C36BD-966A-43ED-A312-47A4C6215A0E}.Debug|x86.ActiveCfg = Debug|Any CPU
		{182C36BD-966A-43ED-A312-47A4C6215A0E}.Debug|x86.Build.0 = Debug|Any CPU
		{182C36BD-966A-43ED-A312-47A4C6215A0E}.Release|Any CPU.ActiveCfg = Release|Any CPU
		{182C36BD-966A-43ED-A312-47A4C6215A0E}.Release|Any CPU.Build.0 = Release|Any CPU
		{182C36BD-966A-43ED-A312-47A4C6215A0E}.Release|x64.ActiveCfg = Release|Any CPU
		{182C36BD-966A-43ED-A312-47A4C6215A0E}.Release|x64.Build.0 = Release|Any CPU
		{182C36BD-966A-43ED-A312-47A4C6215A0E}.Release|x86.ActiveCfg = Release|Any CPU
		{182C36BD-966A-43ED-A312-47A4C6215A0E}.Release|x86.Build.0 = Release|Any CPU
		{EC8D8341-C286-4B46-8C74-B6D9B594F779}.Debug|Any CPU.ActiveCfg = Debug|Any CPU
		{EC8D8341-C286-4B46-8C74-B6D9B594F779}.Debug|Any CPU.Build.0 = Debug|Any CPU
		{EC8D8341-C286-4B46-8C74-B6D9B594F779}.Debug|x64.ActiveCfg = Debug|Any CPU
		{EC8D8341-C286-4B46-8C74-B6D9B594F779}.Debug|x64.Build.0 = Debug|Any CPU
		{EC8D8341-C286-4B46-8C74-B6D9B594F779}.Debug|x86.ActiveCfg = Debug|Any CPU
		{EC8D8341-C286-4B46-8C74-B6D9B594F779}.Debug|x86.Build.0 = Debug|Any CPU
		{EC8D8341-C286-4B46-8C74-B6D9B594F779}.Release|Any CPU.ActiveCfg = Release|Any CPU
		{EC8D8341-C286-4B46-8C74-B6D9B594F779}.Release|Any CPU.Build.0 = Release|Any CPU
		{EC8D8341-C286-4B46-8C74-B6D9B594F779}.Release|x64.ActiveCfg = Release|Any CPU
		{EC8D8341-C286-4B46-8C74-B6D9B594F779}.Release|x64.Build.0 = Release|Any CPU
		{EC8D8341-C286-4B46-8C74-B6D9B594F779}.Release|x86.ActiveCfg = Release|Any CPU
		{EC8D8341-C286-4B46-8C74-B6D9B594F779}.Release|x86.Build.0 = Release|Any CPU
		{0C2571AB-5CEE-4A24-BB05-64317A0E031D}.Debug|Any CPU.ActiveCfg = Debug|Any CPU
		{0C2571AB-5CEE-4A24-BB05-64317A0E031D}.Debug|Any CPU.Build.0 = Debug|Any CPU
		{0C2571AB-5CEE-4A24-BB05-64317A0E031D}.Debug|x64.ActiveCfg = Debug|Any CPU
		{0C2571AB-5CEE-4A24-BB05-64317A0E031D}.Debug|x64.Build.0 = Debug|Any CPU
		{0C2571AB-5CEE-4A24-BB05-64317A0E031D}.Debug|x86.ActiveCfg = Debug|Any CPU
		{0C2571AB-5CEE-4A24-BB05-64317A0E031D}.Debug|x86.Build.0 = Debug|Any CPU
		{0C2571AB-5CEE-4A24-BB05-64317A0E031D}.Release|Any CPU.ActiveCfg = Release|Any CPU
		{0C2571AB-5CEE-4A24-BB05-64317A0E031D}.Release|Any CPU.Build.0 = Release|Any CPU
		{0C2571AB-5CEE-4A24-BB05-64317A0E031D}.Release|x64.ActiveCfg = Release|Any CPU
		{0C2571AB-5CEE-4A24-BB05-64317A0E031D}.Release|x64.Build.0 = Release|Any CPU
		{0C2571AB-5CEE-4A24-BB05-64317A0E031D}.Release|x86.ActiveCfg = Release|Any CPU
		{0C2571AB-5CEE-4A24-BB05-64317A0E031D}.Release|x86.Build.0 = Release|Any CPU
		{91A388B2-4459-4FB9-8168-CA2E33C7ECCB}.Debug|Any CPU.ActiveCfg = Debug|Any CPU
		{91A388B2-4459-4FB9-8168-CA2E33C7ECCB}.Debug|Any CPU.Build.0 = Debug|Any CPU
		{91A388B2-4459-4FB9-8168-CA2E33C7ECCB}.Debug|x64.ActiveCfg = Debug|Any CPU
		{91A388B2-4459-4FB9-8168-CA2E33C7ECCB}.Debug|x64.Build.0 = Debug|Any CPU
		{91A388B2-4459-4FB9-8168-CA2E33C7ECCB}.Debug|x86.ActiveCfg = Debug|Any CPU
		{91A388B2-4459-4FB9-8168-CA2E33C7ECCB}.Debug|x86.Build.0 = Debug|Any CPU
		{91A388B2-4459-4FB9-8168-CA2E33C7ECCB}.Release|Any CPU.ActiveCfg = Release|Any CPU
		{91A388B2-4459-4FB9-8168-CA2E33C7ECCB}.Release|Any CPU.Build.0 = Release|Any CPU
		{91A388B2-4459-4FB9-8168-CA2E33C7ECCB}.Release|x64.ActiveCfg = Release|Any CPU
		{91A388B2-4459-4FB9-8168-CA2E33C7ECCB}.Release|x64.Build.0 = Release|Any CPU
		{91A388B2-4459-4FB9-8168-CA2E33C7ECCB}.Release|x86.ActiveCfg = Release|Any CPU
		{91A388B2-4459-4FB9-8168-CA2E33C7ECCB}.Release|x86.Build.0 = Release|Any CPU
	EndGlobalSection
	GlobalSection(SolutionProperties) = preSolution
		HideSolutionNode = FALSE
	EndGlobalSection
EndGlobal
